
Microsoft Visual Studio Solution File, Format Version 12.00
# Visual Studio Version 16
VisualStudioVersion = 16.0.31729.503
MinimumVisualStudioVersion = 10.0.40219.1
Project("{FAE04EC0-301F-11D3-BF4B-00C04F79EFBC}") = "Form Dersleri-4", "Form Dersleri-4\Form Dersleri-4.csproj", "{F9FD7B74-A933-4728-8377-7CB10DAA2D57}"
EndProject
Global
	GlobalSection(SolutionConfigurationPlatforms) = preSolution
		Debug|Any CPU = Debug|Any CPU
		Release|Any CPU = Release|Any CPU
	EndGlobalSection
	GlobalSection(ProjectConfigurationPlatforms) = postSolution
		{F9FD7B74-A933-4728-8377-7CB10DAA2D57}.Debug|Any CPU.ActiveCfg = Debug|Any CPU
		{F9FD7B74-A933-4728-8377-7CB10DAA2D57}.Debug|Any CPU.Build.0 = Debug|Any CPU
		{F9FD7B74-A933-4728-8377-7CB10DAA2D57}.Release|Any CPU.ActiveCfg = Release|Any CPU
		{F9FD7B74-A933-4728-8377-7CB10DAA2D57}.Release|Any CPU.Build.0 = Release|Any CPU
	EndGlobalSection
	GlobalSection(SolutionProperties) = preSolution
		HideSolutionNode = FALSE
	EndGlobalSection
	GlobalSection(ExtensibilityGlobals) = postSolution
		SolutionGuid = {4FEAEE96-FF9D-494C-8C23-778C6D443AF0}
	EndGlobalSection
EndGlobal
